<?xml version="1.0" encoding="utf-8"?>
<Project ToolsVersion="4.0" xmlns="http://schemas.microsoft.com/developer/msbuild/2003">
  <ItemGroup>
    <Filter Include="Üst Bilgi Dosyaları">
      <UniqueIdentifier>{93995380-89BD-4b04-88EB-625FBE52EBFB}</UniqueIdentifier>
      <Extensions>h;hh;hpp;hxx;h++;hm;inl;inc;ipp;xsd</Extensions>
    </Filter>
    <Filter Include="Kaynak Dosyaları">
      <UniqueIdentifier>{67DA6AB6-F800-4c08-8B7A-83BB121AAD01}</UniqueIdentifier>
      <Extensions>rc;ico;cur;bmp;dlg;rc2;rct;bin;rgs;gif;jpg;jpeg;jpe;resx;tiff;tif;png;wav;mfcribbon-ms</Extensions>
    </Filter>
  </ItemGroup>
  <ItemGroup>
    <None Include="..\OOP1PROJECT\readME.md">
      <Filter>Kaynak Dosyaları</Filter>
    </None>
  </ItemGroup>
  <ItemGroup>
    <ClCompile Include="..\..\..\oopproject1\oopproject1\ShoppingCart.cpp">
      <Filter>Kaynak Dosyaları</Filter>
    </ClCompile>
    <ClCompile Include="..\..\..\oopproject1\oopproject1\main.cpp">
      <Filter>Kaynak Dosyaları</Filter>
    </ClCompile>
    <ClCompile Include="..\..\..\oopproject1\oopproject1\MusicCD.cpp">
      <Filter>Kaynak Dosyaları</Filter>
    </ClCompile>
    <ClCompile Include="..\..\..\oopproject1\oopproject1\CreditCard.cpp">
      <Filter>Kaynak Dosyaları</Filter>
    </ClCompile>
    <ClCompile Include="..\..\..\oopproject1\oopproject1\Customer.cpp">
      <Filter>Kaynak Dosyaları</Filter>
    </ClCompile>
    <ClCompile Include="..\..\..\oopproject1\oopproject1\Magazine.cpp">
      <Filter>Kaynak Dosyaları</Filter>
    </ClCompile>
    <ClCompile Include="..\..\..\oopproject1\oopproject1\Cash.cpp">
      <Filter>Kaynak Dosyaları</Filter>
    </ClCompile>
    <ClCompile Include="..\..\..\oopproject1\oopproject1\ProductToPurchase.cpp">
      <Filter>Kaynak Dosyaları</Filter>
    </ClCompile>
    <ClCompile Include="..\..\..\oopproject1\oopproject1\Product.cpp">
      <Filter>Kaynak Dosyaları</Filter>
    </ClCompile>
    <ClCompile Include="..\..\..\oopproject1\oopproject1\payment.cpp">
      <Filter>Kaynak Dosyaları</Filter>
    </ClCompile>
    <ClCompile Include="..\..\..\oopproject1\oopproject1\Check.cpp">
      <Filter>Kaynak Dosyaları</Filter>
    </ClCompile>
    <ClCompile Include="..\..\..\oopproject1\oopproject1\Book.cpp">
      <Filter>Kaynak Dosyaları</Filter>
    </ClCompile>
  </ItemGroup>
  <ItemGroup>
    <ClInclude Include="..\..\..\oopproject1\oopproject1\MusicCD.h">
      <Filter>Üst Bilgi Dosyaları</Filter>
    </ClInclude>
    <ClInclude Include="..\..\..\oopproject1\oopproject1\CreditCard.h">
      <Filter>Üst Bilgi Dosyaları</Filter>
    </ClInclude>
    <ClInclude Include="..\..\..\oopproject1\oopproject1\Customer.h">
      <Filter>Üst Bilgi Dosyaları</Filter>
    </ClInclude>
    <ClInclude Include="..\..\..\oopproject1\oopproject1\ShoppingCart.h">
      <Filter>Üst Bilgi Dosyaları</Filter>
    </ClInclude>
    <ClInclude Include="..\..\..\oopproject1\oopproject1\ProductToPurchase.h">
      <Filter>Üst Bilgi Dosyaları</Filter>
    </ClInclude>
    <ClInclude Include="..\..\..\oopproject1\oopproject1\Product.h">
      <Filter>Üst Bilgi Dosyaları</Filter>
    </ClInclude>
    <ClInclude Include="..\..\..\oopproject1\oopproject1\Payment.h">
      <Filter>Üst Bilgi Dosyaları</Filter>
    </ClInclude>
    <ClInclude Include="..\..\..\oopproject1\oopproject1\Magazine.h">
      <Filter>Üst Bilgi Dosyaları</Filter>
    </ClInclude>
    <ClInclude Include="..\..\..\oopproject1\oopproject1\Cash.h">
      <Filter>Üst Bilgi Dosyaları</Filter>
    </ClInclude>
    <ClInclude Include="..\..\..\oopproject1\oopproject1\Check.h">
      <Filter>Üst Bilgi Dosyaları</Filter>
    </ClInclude>
    <ClInclude Include="..\..\..\oopproject1\oopproject1\Book.h">
      <Filter>Üst Bilgi Dosyaları</Filter>
    </ClInclude>
    <ClInclude Include="..\OOP1PROJECT\Exceptions.h">
      <Filter>Üst Bilgi Dosyaları</Filter>
    </ClInclude>
  </ItemGroup>
</Project>