
Microsoft Visual Studio Solution File, Format Version 12.00
# Visual Studio Version 17
VisualStudioVersion = 17.14.36705.20 d17.14
MinimumVisualStudioVersion = 10.0.40219.1
Project("{8BC9CEB8-8B4A-11D0-8D11-00A0C91BC942}") = "GrupNo12", "GrupNo12.vcxproj", "{1F12DCF8-2077-477C-916E-885A6487A220}"
EndProject
Global
	GlobalSection(SolutionConfigurationPlatforms) = preSolution
		Debug|x64 = Debug|x64
		Debug|x86 = Debug|x86
		Release|x64 = Release|x64
		Release|x86 = Release|x86
	EndGlobalSection
	GlobalSection(ProjectConfigurationPlatforms) = postSolution
		{1F12DCF8-2077-477C-916E-885A6487A220}.Debug|x64.ActiveCfg = Debug|x64
		{1F12DCF8-2077-477C-916E-885A6487A220}.Debug|x64.Build.0 = Debug|x64
		{1F12DCF8-2077-477C-916E-885A6487A220}.Debug|x86.ActiveCfg = Debug|Win32
		{1F12DCF8-2077-477C-916E-885A6487A220}.Debug|x86.Build.0 = Debug|Win32
		{1F12DCF8-2077-477C-916E-885A6487A220}.Release|x64.ActiveCfg = Release|x64
		{1F12DCF8-2077-477C-916E-885A6487A220}.Release|x64.Build.0 = Release|x64
		{1F12DCF8-2077-477C-916E-885A6487A220}.Release|x86.ActiveCfg = Release|Win32
		{1F12DCF8-2077-477C-916E-885A6487A220}.Release|x86.Build.0 = Release|Win32
	EndGlobalSection
	GlobalSection(SolutionProperties) = preSolution
		HideSolutionNode = FALSE
	EndGlobalSection
	GlobalSection(ExtensibilityGlobals) = postSolution
		SolutionGuid = {34489C4E-2ABA-46CA-9247-43ABB3CB8D1D}
	EndGlobalSection
EndGlobal
